// !$*UTF8*$!
{
	archiveVersion = 1;
	classes = {
	};
	objectVersion = 50;
	objects = {

/* Begin PBXBuildFile section */
		50C019F0BBE29F4E77DBB63B /* Pods_Hello_RxSwift.framework in Frameworks */ = {isa = PBXBuildFile; fileRef = 41F9B45875195D60E2A0DAB9 /* Pods_Hello_RxSwift.framework */; };
		BF8B876E2568C0E9002D64AE /* AppDelegate.swift in Sources */ = {isa = PBXBuildFile; fileRef = BF8B876D2568C0E9002D64AE /* AppDelegate.swift */; };
		BF8B87702568C0E9002D64AE /* SceneDelegate.swift in Sources */ = {isa = PBXBuildFile; fileRef = BF8B876F2568C0E9002D64AE /* SceneDelegate.swift */; };
		BF8B87722568C0E9002D64AE /* ViewController.swift in Sources */ = {isa = PBXBuildFile; fileRef = BF8B87712568C0E9002D64AE /* ViewController.swift */; };
		BF8B87752568C0E9002D64AE /* Main.storyboard in Resources */ = {isa = PBXBuildFile; fileRef = BF8B87732568C0E9002D64AE /* Main.storyboard */; };
		BF8B87772568C0EA002D64AE /* Assets.xcassets in Resources */ = {isa = PBXBuildFile; fileRef = BF8B87762568C0EA002D64AE /* Assets.xcassets */; };
		BF8B877A2568C0EA002D64AE /* LaunchScreen.storyboard in Resources */ = {isa = PBXBuildFile; fileRef = BF8B87782568C0EA002D64AE /* LaunchScreen.storyboard */; };
/* End PBXBuildFile section */

/* Begin PBXFileReference section */
		41F9B45875195D60E2A0DAB9 /* Pods_Hello_RxSwift.framework */ = {isa = PBXFileReference; explicitFileType = wrapper.framework; includeInIndex = 0; path = Pods_Hello_RxSwift.framework; sourceTree = BUILT_PRODUCTS_DIR; };
		92100E1FF97B16B697EE75B3 /* Pods-Hello_RxSwift.release.xcconfig */ = {isa = PBXFileReference; includeInIndex = 1; lastKnownFileType = text.xcconfig; name = "Pods-Hello_RxSwift.release.xcconfig"; path = "Target Support Files/Pods-Hello_RxSwift/Pods-Hello_RxSwift.release.xcconfig"; sourceTree = "<group>"; };
		BB9958012BC567C2ECF83255 /* Pods-Hello_RxSwift.debug.xcconfig */ = {isa = PBXFileReference; includeInIndex = 1; lastKnownFileType = text.xcconfig; name = "Pods-Hello_RxSwift.debug.xcconfig"; path = "Target Support Files/Pods-Hello_RxSwift/Pods-Hello_RxSwift.debug.xcconfig"; sourceTree = "<group>"; };
		BF8B876A2568C0E9002D64AE /* Hello_RxSwift.app */ = {isa = PBXFileReference; explicitFileType = wrapper.application; includeInIndex = 0; path = Hello_RxSwift.app; sourceTree = BUILT_PRODUCTS_DIR; };
		BF8B876D2568C0E9002D64AE /* AppDelegate.swift */ = {isa = PBXFileReference; lastKnownFileType = sourcecode.swift; path = AppDelegate.swift; sourceTree = "<group>"; };
		BF8B876F2568C0E9002D64AE /* SceneDelegate.swift */ = {isa = PBXFileReference; lastKnownFileType = sourcecode.swift; path = SceneDelegate.swift; sourceTree = "<group>"; };
		BF8B87712568C0E9002D64AE /* ViewController.swift */ = {isa = PBXFileReference; lastKnownFileType = sourcecode.swift; path = ViewController.swift; sourceTree = "<group>"; };
		BF8B87742568C0E9002D64AE /* Base */ = {isa = PBXFileReference; lastKnownFileType = file.storyboard; name = Base; path = Base.lproj/Main.storyboard; sourceTree = "<group>"; };
		BF8B87762568C0EA002D64AE /* Assets.xcassets */ = {isa = PBXFileReference; lastKnownFileType = folder.assetcatalog; path = Assets.xcassets; sourceTree = "<group>"; };
		BF8B87792568C0EA002D64AE /* Base */ = {isa = PBXFileReference; lastKnownFileType = file.storyboard; name = Base; path = Base.lproj/LaunchScreen.storyboard; sourceTree = "<group>"; };
		BF8B877B2568C0EA002D64AE /* Info.plist */ = {isa = PBXFileReference; lastKnownFileType = text.plist.xml; path = Info.plist; sourceTree = "<group>"; };
/* End PBXFileReference section */

/* Begin PBXFrameworksBuildPhase section */
		BF8B87672568C0E9002D64AE /* Frameworks */ = {
			isa = PBXFrameworksBuildPhase;
			buildActionMask = 2147483647;
			files = (
				50C019F0BBE29F4E77DBB63B /* Pods_Hello_RxSwift.framework in Frameworks */,
			);
			runOnlyForDeploymentPostprocessing = 0;
		};
/* End PBXFrameworksBuildPhase section */

/* Begin PBXGroup section */
		6448D0255922D6972C3DC73E /* Pods */ = {
			isa = PBXGroup;
			children = (
				BB9958012BC567C2ECF83255 /* Pods-Hello_RxSwift.debug.xcconfig */,
				92100E1FF97B16B697EE75B3 /* Pods-Hello_RxSwift.release.xcconfig */,
			);
			name = Pods;
			path = Pods;
			sourceTree = "<group>";
		};
		A99D0EE7B4C4C199ABD20F66 /* Frameworks */ = {
			isa = PBXGroup;
			children = (
				41F9B45875195D60E2A0DAB9 /* Pods_Hello_RxSwift.framework */,
			);
			name = Frameworks;
			sourceTree = "<group>";
		};
		BF8B87612568C0E9002D64AE = {
			isa = PBXGroup;
			children = (
				BF8B876C2568C0E9002D64AE /* Hello_RxSwift */,
				BF8B876B2568C0E9002D64AE /* Products */,
				6448D0255922D6972C3DC73E /* Pods */,
				A99D0EE7B4C4C199ABD20F66 /* Frameworks */,
			);
			sourceTree = "<group>";
		};
		BF8B876B2568C0E9002D64AE /* Products */ = {
			isa = PBXGroup;
			children = (
				BF8B876A2568C0E9002D64AE /* Hello_RxSwift.app */,
			);
			name = Products;
			sourceTree = "<group>";
		};
		BF8B876C2568C0E9002D64AE /* Hello_RxSwift */ = {
			isa = PBXGroup;
			children = (
				BF8B876D2568C0E9002D64AE /* AppDelegate.swift */,
				BF8B876F2568C0E9002D64AE /* SceneDelegate.swift */,
				BF8B87712568C0E9002D64AE /* ViewController.swift */,
				BF8B87732568C0E9002D64AE /* Main.storyboard */,
				BF8B87762568C0EA002D64AE /* Assets.xcassets */,
				BF8B87782568C0EA002D64AE /* LaunchScreen.storyboard */,
				BF8B877B2568C0EA002D64AE /* Info.plist */,
			);
			path = Hello_RxSwift;
			sourceTree = "<group>";
		};
/* End PBXGroup section */

/* Begin PBXNativeTarget section */
		BF8B87692568C0E9002D64AE /* Hello_RxSwift */ = {
			isa = PBXNativeTarget;
			buildConfigurationList = BF8B877E2568C0EA002D64AE /* Build configuration list for PBXNativeTarget "Hello_RxSwift" */;
			buildPhases = (
				FD6DADE2E58DCC35CEA6BDD3 /* [CP] Check Pods Manifest.lock */,
				BF8B87662568C0E9002D64AE /* Sources */,
				BF8B87672568C0E9002D64AE /* Frameworks */,
				BF8B87682568C0E9002D64AE /* Resources */,
				6F3147704D473539BFF89F69 /* [CP] Embed Pods Frameworks */,
			);
			buildRules = (
			);
			dependencies = (
			);
			name = Hello_RxSwift;
			productName = Hello_RxSwift;
			productReference = BF8B876A2568C0E9002D64AE /* Hello_RxSwift.app */;
			productType = "com.apple.product-type.application";
		};
/* End PBXNativeTarget section */

/* Begin PBXProject section */
		BF8B87622568C0E9002D64AE /* Project object */ = {
			isa = PBXProject;
			attributes = {
				LastSwiftUpdateCheck = 1130;
				LastUpgradeCheck = 1130;
				ORGANIZATIONNAME = "Arshad Ali";
				TargetAttributes = {
					BF8B87692568C0E9002D64AE = {
						CreatedOnToolsVersion = 11.3;
					};
				};
			};
			buildConfigurationList = BF8B87652568C0E9002D64AE /* Build configuration list for PBXProject "Hello_RxSwift" */;
			compatibilityVersion = "Xcode 9.3";
			developmentRegion = en;
			hasScannedForEncodings = 0;
			knownRegions = (
				en,
				Base,
			);
			mainGroup = BF8B87612568C0E9002D64AE;
			productRefGroup = BF8B876B2568C0E9002D64AE /* Products */;
			projectDirPath = "";
			projectRoot = "";
			targets = (
				BF8B87692568C0E9002D64AE /* Hello_RxSwift */,
			);
		};
/* End PBXProject section */

/* Begin PBXResourcesBuildPhase section */
		BF8B87682568C0E9002D64AE /* Resources */ = {
			isa = PBXResourcesBuildPhase;
			buildActionMask = 2147483647;
			files = (
				BF8B877A2568C0EA002D64AE /* LaunchScreen.storyboard in Resources */,
				BF8B87772568C0EA002D64AE /* Assets.xcassets in Resources */,
				BF8B87752568C0E9002D64AE /* Main.storyboard in Resources */,
			);
			runOnlyForDeploymentPostprocessing = 0;
		};
/* End PBXResourcesBuildPhase section */

/* Begin PBXShellScriptBuildPhase section */
		6F3147704D473539BFF89F69 /* [CP] Embed Pods Frameworks */ = {
			isa = PBXShellScriptBuildPhase;
			buildActionMask = 2147483647;
			files = (
			);
			inputFileListPaths = (
				"${PODS_ROOT}/Target Support Files/Pods-Hello_RxSwift/Pods-Hello_RxSwift-frameworks-${CONFIGURATION}-input-files.xcfilelist",
			);
			name = "[CP] Embed Pods Frameworks";
			outputFileListPaths = (
				"${PODS_ROOT}/Target Support Files/Pods-Hello_RxSwift/Pods-Hello_RxSwift-frameworks-${CONFIGURATION}-output-files.xcfilelist",
			);
			runOnlyForDeploymentPostprocessing = 0;
			shellPath = /bin/sh;
			shellScript = "\"${PODS_ROOT}/Target Support Files/Pods-Hello_RxSwift/Pods-Hello_RxSwift-frameworks.sh\"\n";
			showEnvVarsInLog = 0;
		};
		FD6DADE2E58DCC35CEA6BDD3 /* [CP] Check Pods Manifest.lock */ = {
			isa = PBXShellScriptBuildPhase;
			buildActionMask = 2147483647;
			files = (
			);
			inputFileListPaths = (
			);
			inputPaths = (
				"${PODS_PODFILE_DIR_PATH}/Podfile.lock",
				"${PODS_ROOT}/Manifest.lock",
			);
			name = "[CP] Check Pods Manifest.lock";
			outputFileListPaths = (
			);
			outputPaths = (
				"$(DERIVED_FILE_DIR)/Pods-Hello_RxSwift-checkManifestLockResult.txt",
			);
			runOnlyForDeploymentPostprocessing = 0;
			shellPath = /bin/sh;
			shellScript = "diff \"${PODS_PODFILE_DIR_PATH}/Podfile.lock\" \"${PODS_ROOT}/Manifest.lock\" > /dev/null\nif [ $? != 0 ] ; then\n    # print error to STDERR\n    echo \"error: The sandbox is not in sync with the Podfile.lock. Run 'pod install' or update your CocoaPods installation.\" >&2\n    exit 1\nfi\n# This output is used by Xcode 'outputs' to avoid re-running this script phase.\necho \"SUCCESS\" > \"${SCRIPT_OUTPUT_FILE_0}\"\n";
			showEnvVarsInLog = 0;
		};
/* End PBXShellScriptBuildPhase section */

/* Begin PBXSourcesBuildPhase section */
		BF8B87662568C0E9002D64AE /* Sources */ = {
			isa = PBXSourcesBuildPhase;
			buildActionMask = 2147483647;
			files = (
				BF8B87722568C0E9002D64AE /* ViewController.swift in Sources */,
				BF8B876E2568C0E9002D64AE /* AppDelegate.swift in Sources */,
				BF8B87702568C0E9002D64AE /* SceneDelegate.swift in Sources */,
			);
			runOnlyForDeploymentPostprocessing = 0;
		};
/* End PBXSourcesBuildPhase section */

/* Begin PBXVariantGroup section */
		BF8B87732568C0E9002D64AE /* Main.storyboard */ = {
			isa = PBXVariantGroup;
			children = (
				BF8B87742568C0E9002D64AE /* Base */,
			);
			name = Main.storyboard;
			sourceTree = "<group>";
		};
		BF8B87782568C0EA002D64AE /* LaunchScreen.storyboard */ = {
			isa = PBXVariantGroup;
			children = (
				BF8B87792568C0EA002D64AE /* Base */,
			);
			name = LaunchScreen.storyboard;
			sourceTree = "<group>";
		};
/* End PBXVariantGroup section */

/* Begin XCBuildConfiguration section */
		BF8B877C2568C0EA002D64AE /* Debug */ = {
			isa = XCBuildConfiguration;
			buildSettings = {
				ALWAYS_SEARCH_USER_PATHS = NO;
				CLANG_ANALYZER_NONNULL = YES;
				CLANG_ANALYZER_NUMBER_OBJECT_CONVERSION = YES_AGGRESSIVE;
				CLANG_CXX_LANGUAGE_STANDARD = "gnu++14";
				CLANG_CXX_LIBRARY = "libc++";
				CLANG_ENABLE_MODULES = YES;
				CLANG_ENABLE_OBJC_ARC = YES;
				CLANG_ENABLE_OBJC_WEAK = YES;
				CLANG_WARN_BLOCK_CAPTURE_AUTORELEASING = YES;
				CLANG_WARN_BOOL_CONVERSION = YES;
				CLANG_WARN_COMMA = YES;
				CLANG_WARN_CONSTANT_CONVERSION = YES;
				CLANG_WARN_DEPRECATED_OBJC_IMPLEMENTATIONS = YES;
				CLANG_WARN_DIRECT_OBJC_ISA_USAGE = YES_ERROR;
				CLANG_WARN_DOCUMENTATION_COMMENTS = YES;
				CLANG_WARN_EMPTY_BODY = YES;
				CLANG_WARN_ENUM_CONVERSION = YES;
				CLANG_WARN_INFINITE_RECURSION = YES;
				CLANG_WARN_INT_CONVERSION = YES;
				CLANG_WARN_NON_LITERAL_NULL_CONVERSION = YES;
				CLANG_WARN_OBJC_IMPLICIT_RETAIN_SELF = YES;
				CLANG_WARN_OBJC_LITERAL_CONVERSION = YES;
				CLANG_WARN_OBJC_ROOT_CLASS = YES_ERROR;
				CLANG_WARN_RANGE_LOOP_ANALYSIS = YES;
				CLANG_WARN_STRICT_PROTOTYPES = YES;
				CLANG_WARN_SUSPICIOUS_MOVE = YES;
				CLANG_WARN_UNGUARDED_AVAILABILITY = YES_AGGRESSIVE;
				CLANG_WARN_UNREACHABLE_CODE = YES;
				CLANG_WARN__DUPLICATE_METHOD_MATCH = YES;
				COPY_PHASE_STRIP = NO;
				DEBUG_INFORMATION_FORMAT = dwarf;
				ENABLE_STRICT_OBJC_MSGSEND = YES;
				ENABLE_TESTABILITY = YES;
				GCC_C_LANGUAGE_STANDARD = gnu11;
				GCC_DYNAMIC_NO_PIC = NO;
				GCC_NO_COMMON_BLOCKS = YES;
				GCC_OPTIMIZATION_LEVEL = 0;
				GCC_PREPROCESSOR_DEFINITIONS = (
					"DEBUG=1",
					"$(inherited)",
				);
				GCC_WARN_64_TO_32_BIT_CONVERSION = YES;
				GCC_WARN_ABOUT_RETURN_TYPE = YES_ERROR;
				GCC_WARN_UNDECLARED_SELECTOR = YES;
				GCC_WARN_UNINITIALIZED_AUTOS = YES_AGGRESSIVE;
				GCC_WARN_UNUSED_FUNCTION = YES;
				GCC_WARN_UNUSED_VARIABLE = YES;
				IPHONEOS_DEPLOYMENT_TARGET = 13.2;
				MTL_ENABLE_DEBUG_INFO = INCLUDE_SOURCE;
				MTL_FAST_MATH = YES;
				ONLY_ACTIVE_ARCH = YES;
				SDKROOT = iphoneos;
				SWIFT_ACTIVE_COMPILATION_CONDITIONS = DEBUG;
				SWIFT_OPTIMIZATION_LEVEL = "-Onone";
			};
			name = Debug;
		};
		BF8B877D2568C0EA002D64AE /* Release */ = {
			isa = XCBuildConfiguration;
			buildSettings = {
				ALWAYS_SEARCH_USER_PATHS = NO;
				CLANG_ANALYZER_NONNULL = YES;
				CLANG_ANALYZER_NUMBER_OBJECT_CONVERSION = YES_AGGRESSIVE;
				CLANG_CXX_LANGUAGE_STANDARD = "gnu++14";
				CLANG_CXX_LIBRARY = "libc++";
				CLANG_ENABLE_MODULES = YES;
				CLANG_ENABLE_OBJC_ARC = YES;
				CLANG_ENABLE_OBJC_WEAK = YES;
				CLANG_WARN_BLOCK_CAPTURE_AUTORELEASING = YES;
				CLANG_WARN_BOOL_CONVERSION = YES;
				CLANG_WARN_COMMA = YES;
				CLANG_WARN_CONSTANT_CONVERSION = YES;
				CLANG_WARN_DEPRECATED_OBJC_IMPLEMENTATIONS = YES;
				CLANG_WARN_DIRECT_OBJC_ISA_USAGE = YES_ERROR;
				CLANG_WARN_DOCUMENTATION_COMMENTS = YES;
				CLANG_WARN_EMPTY_BODY = YES;
				CLANG_WARN_ENUM_CONVERSION = YES;
				CLANG_WARN_INFINITE_RECURSION = YES;
				CLANG_WARN_INT_CONVERSION = YES;
				CLANG_WARN_NON_LITERAL_NULL_CONVERSION = YES;
				CLANG_WARN_OBJC_IMPLICIT_RETAIN_SELF = YES;
				CLANG_WARN_OBJC_LITERAL_CONVERSION = YES;
				CLANG_WARN_OBJC_ROOT_CLASS = YES_ERROR;
				CLANG_WARN_RANGE_LOOP_ANALYSIS = YES;
				CLANG_WARN_STRICT_PROTOTYPES = YES;
				CLANG_WARN_SUSPICIOUS_MOVE = YES;
				CLANG_WARN_UNGUARDED_AVAILABILITY = YES_AGGRESSIVE;
				CLANG_WARN_UNREACHABLE_CODE = YES;
				CLANG_WARN__DUPLICATE_METHOD_MATCH = YES;
				COPY_PHASE_STRIP = NO;
				DEBUG_INFORMATION_FORMAT = "dwarf-with-dsym";
				ENABLE_NS_ASSERTIONS = NO;
				ENABLE_STRICT_OBJC_MSGSEND = YES;
				GCC_C_LANGUAGE_STANDARD = gnu11;
				GCC_NO_COMMON_BLOCKS = YES;
				GCC_WARN_64_TO_32_BIT_CONVERSION = YES;
				GCC_WARN_ABOUT_RETURN_TYPE = YES_ERROR;
				GCC_WARN_UNDECLARED_SELECTOR = YES;
				GCC_WARN_UNINITIALIZED_AUTOS = YES_AGGRESSIVE;
				GCC_WARN_UNUSED_FUNCTION = YES;
				GCC_WARN_UNUSED_VARIABLE = YES;
				IPHONEOS_DEPLOYMENT_TARGET = 13.2;
				MTL_ENABLE_DEBUG_INFO = NO;
				MTL_FAST_MATH = YES;
				SDKROOT = iphoneos;
				SWIFT_COMPILATION_MODE = wholemodule;
				SWIFT_OPTIMIZATION_LEVEL = "-O";
				VALIDATE_PRODUCT = YES;
			};
			name = Release;
		};
		BF8B877F2568C0EA002D64AE /* Debug */ = {
			isa = XCBuildConfiguration;
			baseConfigurationReference = BB9958012BC567C2ECF83255 /* Pods-Hello_RxSwift.debug.xcconfig */;
			buildSettings = {
				ASSETCATALOG_COMPILER_APPICON_NAME = AppIcon;
				CODE_SIGN_STYLE = Automatic;
				DEVELOPMENT_TEAM = W7ZFVWWKD9;
				INFOPLIST_FILE = Hello_RxSwift/Info.plist;
				LD_RUNPATH_SEARCH_PATHS = (
					"$(inherited)",
					"@executable_path/Frameworks",
				);
				PRODUCT_BUNDLE_IDENTIFIER = "com.example.Hello-RxSwift";
				PRODUCT_NAME = "$(TARGET_NAME)";
				SWIFT_VERSION = 5.0;
				TARGETED_DEVICE_FAMILY = "1,2";
			};
			name = Debug;
		};
		BF8B87802568C0EA002D64AE /* Release */ = {
			isa = XCBuildConfiguration;
			baseConfigurationReference = 92100E1FF97B16B697EE75B3 /* Pods-Hello_RxSwift.release.xcconfig */;
			buildSettings = {
				ASSETCATALOG_COMPILER_APPICON_NAME = AppIcon;
				CODE_SIGN_STYLE = Automatic;
				DEVELOPMENT_TEAM = W7ZFVWWKD9;
				INFOPLIST_FILE = Hello_RxSwift/Info.plist;
				LD_RUNPATH_SEARCH_PATHS = (
					"$(inherited)",
					"@executable_path/Frameworks",
				);
				PRODUCT_BUNDLE_IDENTIFIER = "com.example.Hello-RxSwift";
				PRODUCT_NAME = "$(TARGET_NAME)";
				SWIFT_VERSION = 5.0;
				TARGETED_DEVICE_FAMILY = "1,2";
			};
			name = Release;
		};
/* End XCBuildConfiguration section */

/* Begin XCConfigurationList section */
		BF8B87652568C0E9002D64AE /* Build configuration list for PBXProject "Hello_RxSwift" */ = {
			isa = XCConfigurationList;
			buildConfigurations = (
				BF8B877C2568C0EA002D64AE /* Debug */,
				BF8B877D2568C0EA002D64AE /* Release */,
			);
			defaultConfigurationIsVisible = 0;
			defaultConfigurationName = Release;
		};
		BF8B877E2568C0EA002D64AE /* Build configuration list for PBXNativeTarget "Hello_RxSwift" */ = {
			isa = XCConfigurationList;
			buildConfigurations = (
				BF8B877F2568C0EA002D64AE /* Debug */,
				BF8B87802568C0EA002D64AE /* Release */,
			);
			defaultConfigurationIsVisible = 0;
			defaultConfigurationName = Release;
		};
/* End XCConfigurationList section */
	};
	rootObject = BF8B87622568C0E9002D64AE /* Project object */;
}
